PODS:
  - Eureka (4.1.1)
  - SwiftChart (1.0.1)

DEPENDENCIES:
  - Eureka (>= 4.0.0)
  - SwiftChart

SPEC CHECKSUMS:
  Eureka: b88fb930e42c79f8c03c373d0fcdc28c1d6c50ed
  SwiftChart: ba767a678d568a5ee22d419e146a0582865e1aff

PODFILE CHECKSUM: f37e55d4877fb960861db8ab8ff58a6c92efc5f9

COCOAPODS: 1.4.0
