// !$*UTF8*$!
{
	archiveVersion = 1;
	classes = {
	};
	objectVersion = 46;
	objects = {

/* Begin PBXBuildFile section */
		9ECB773C28C6635E55919A1B /* Pods_Example.framework in Frameworks */ = {isa = PBXBuildFile; fileRef = 94C5F470DB5DB26F85E98A64 /* Pods_Example.framework */; };
		A523878E20A4E67E00428DE7 /* flower.png in Resources */ = {isa = PBXBuildFile; fileRef = A523878D20A4E67E00428DE7 /* flower.png */; };
		A55B94081F86A2890061E9FB /* trees.png in Resources */ = {isa = PBXBuildFile; fileRef = A55B94071F86A2850061E9FB /* trees.png */; };
		A55B940D1F86A3A40061E9FB /* GraphViewViewController.swift in Sources */ = {isa = PBXBuildFile; fileRef = A55B94091F86A3A30061E9FB /* GraphViewViewController.swift */; };
		A55B940E1F86A3A40061E9FB /* ImageViewViewController.swift in Sources */ = {isa = PBXBuildFile; fileRef = A55B940A1F86A3A30061E9FB /* ImageViewViewController.swift */; };
		A55B940F1F86A3A40061E9FB /* CustomViewViewController.swift in Sources */ = {isa = PBXBuildFile; fileRef = A55B940B1F86A3A40061E9FB /* CustomViewViewController.swift */; };
		A55B94101F86A3A40061E9FB /* ViewViewController.swift in Sources */ = {isa = PBXBuildFile; fileRef = A55B940C1F86A3A40061E9FB /* ViewViewController.swift */; };
		A56DA43D1F70380A00D2B575 /* AppDelegate.swift in Sources */ = {isa = PBXBuildFile; fileRef = A56DA43C1F70380A00D2B575 /* AppDelegate.swift */; };
		A56DA43F1F70380A00D2B575 /* ViewController.swift in Sources */ = {isa = PBXBuildFile; fileRef = A56DA43E1F70380A00D2B575 /* ViewController.swift */; };
		A56DA4421F70380A00D2B575 /* Main.storyboard in Resources */ = {isa = PBXBuildFile; fileRef = A56DA4401F70380A00D2B575 /* Main.storyboard */; };
		A56DA4441F70380A00D2B575 /* Assets.xcassets in Resources */ = {isa = PBXBuildFile; fileRef = A56DA4431F70380A00D2B575 /* Assets.xcassets */; };
		A56DA4471F70380A00D2B575 /* LaunchScreen.storyboard in Resources */ = {isa = PBXBuildFile; fileRef = A56DA4451F70380A00D2B575 /* LaunchScreen.storyboard */; };
		A56DA4521F70395D00D2B575 /* ResultView.swift in Sources */ = {isa = PBXBuildFile; fileRef = A56DA4501F70395D00D2B575 /* ResultView.swift */; };
		A56DA4531F70395D00D2B575 /* ResultView.xib in Resources */ = {isa = PBXBuildFile; fileRef = A56DA4511F70395D00D2B575 /* ResultView.xib */; };
		A5F3AD1C1F707E44008402B4 /* ViewRow.swift in Sources */ = {isa = PBXBuildFile; fileRef = A5F3AD1B1F707E44008402B4 /* ViewRow.swift */; };
/* End PBXBuildFile section */

/* Begin PBXFileReference section */
		10CF4AFD205C4F5800EE92D6 /* ViewRow.h */ = {isa = PBXFileReference; lastKnownFileType = sourcecode.c.h; path = ViewRow.h; sourceTree = "<group>"; };
		10CF4AFE205C4F5800EE92D6 /* Info.plist */ = {isa = PBXFileReference; lastKnownFileType = text.plist.xml; path = Info.plist; sourceTree = "<group>"; };
		531DD29652A125059B1FA9B1 /* Pods-Example.debug.xcconfig */ = {isa = PBXFileReference; includeInIndex = 1; lastKnownFileType = text.xcconfig; name = "Pods-Example.debug.xcconfig"; path = "Pods/Target Support Files/Pods-Example/Pods-Example.debug.xcconfig"; sourceTree = "<group>"; };
		94C5F470DB5DB26F85E98A64 /* Pods_Example.framework */ = {isa = PBXFileReference; explicitFileType = wrapper.framework; includeInIndex = 0; path = Pods_Example.framework; sourceTree = BUILT_PRODUCTS_DIR; };
		A523878D20A4E67E00428DE7 /* flower.png */ = {isa = PBXFileReference; lastKnownFileType = image.png; path = flower.png; sourceTree = "<group>"; };
		A55B94071F86A2850061E9FB /* trees.png */ = {isa = PBXFileReference; lastKnownFileType = image.png; path = trees.png; sourceTree = "<group>"; };
		A55B94091F86A3A30061E9FB /* GraphViewViewController.swift */ = {isa = PBXFileReference; lastKnownFileType = sourcecode.swift; path = GraphViewViewController.swift; sourceTree = "<group>"; };
		A55B940A1F86A3A30061E9FB /* ImageViewViewController.swift */ = {isa = PBXFileReference; lastKnownFileType = sourcecode.swift; path = ImageViewViewController.swift; sourceTree = "<group>"; };
		A55B940B1F86A3A40061E9FB /* CustomViewViewController.swift */ = {isa = PBXFileReference; lastKnownFileType = sourcecode.swift; path = CustomViewViewController.swift; sourceTree = "<group>"; };
		A55B940C1F86A3A40061E9FB /* ViewViewController.swift */ = {isa = PBXFileReference; lastKnownFileType = sourcecode.swift; path = ViewViewController.swift; sourceTree = "<group>"; };
		A56DA4391F70380A00D2B575 /* Example.app */ = {isa = PBXFileReference; explicitFileType = wrapper.application; includeInIndex = 0; path = Example.app; sourceTree = BUILT_PRODUCTS_DIR; };
		A56DA43C1F70380A00D2B575 /* AppDelegate.swift */ = {isa = PBXFileReference; lastKnownFileType = sourcecode.swift; path = AppDelegate.swift; sourceTree = "<group>"; };
		A56DA43E1F70380A00D2B575 /* ViewController.swift */ = {isa = PBXFileReference; lastKnownFileType = sourcecode.swift; path = ViewController.swift; sourceTree = "<group>"; };
		A56DA4411F70380A00D2B575 /* Base */ = {isa = PBXFileReference; lastKnownFileType = file.storyboard; name = Base; path = Base.lproj/Main.storyboard; sourceTree = "<group>"; };
		A56DA4431F70380A00D2B575 /* Assets.xcassets */ = {isa = PBXFileReference; lastKnownFileType = folder.assetcatalog; path = Assets.xcassets; sourceTree = "<group>"; };
		A56DA4461F70380A00D2B575 /* Base */ = {isa = PBXFileReference; lastKnownFileType = file.storyboard; name = Base; path = Base.lproj/LaunchScreen.storyboard; sourceTree = "<group>"; };
		A56DA4481F70380A00D2B575 /* Info.plist */ = {isa = PBXFileReference; lastKnownFileType = text.plist.xml; path = Info.plist; sourceTree = "<group>"; };
		A56DA4501F70395D00D2B575 /* ResultView.swift */ = {isa = PBXFileReference; fileEncoding = 4; lastKnownFileType = sourcecode.swift; path = ResultView.swift; sourceTree = "<group>"; };
		A56DA4511F70395D00D2B575 /* ResultView.xib */ = {isa = PBXFileReference; fileEncoding = 4; lastKnownFileType = file.xib; path = ResultView.xib; sourceTree = "<group>"; };
		A5F3AD1B1F707E44008402B4 /* ViewRow.swift */ = {isa = PBXFileReference; fileEncoding = 4; lastKnownFileType = sourcecode.swift; path = ViewRow.swift; sourceTree = "<group>"; };
		D2B08C0FC2C07BCFEF392D40 /* Pods-Example.release.xcconfig */ = {isa = PBXFileReference; includeInIndex = 1; lastKnownFileType = text.xcconfig; name = "Pods-Example.release.xcconfig"; path = "Pods/Target Support Files/Pods-Example/Pods-Example.release.xcconfig"; sourceTree = "<group>"; };
/* End PBXFileReference section */

/* Begin PBXFrameworksBuildPhase section */
		A56DA4361F70380A00D2B575 /* Frameworks */ = {
			isa = PBXFrameworksBuildPhase;
			buildActionMask = 2147483647;
			files = (
				9ECB773C28C6635E55919A1B /* Pods_Example.framework in Frameworks */,
			);
			runOnlyForDeploymentPostprocessing = 0;
		};
/* End PBXFrameworksBuildPhase section */

/* Begin PBXGroup section */
		10CF4AFC205C4F5800EE92D6 /* ViewRow */ = {
			isa = PBXGroup;
			children = (
				10CF4AFD205C4F5800EE92D6 /* ViewRow.h */,
				10CF4AFE205C4F5800EE92D6 /* Info.plist */,
			);
			path = ViewRow;
			sourceTree = "<group>";
		};
		68D080A2D8951AD25B3D4FFA /* Pods */ = {
			isa = PBXGroup;
			children = (
				531DD29652A125059B1FA9B1 /* Pods-Example.debug.xcconfig */,
				D2B08C0FC2C07BCFEF392D40 /* Pods-Example.release.xcconfig */,
			);
			name = Pods;
			sourceTree = "<group>";
		};
		95E676981B502491EBA4AA64 /* Frameworks */ = {
			isa = PBXGroup;
			children = (
				94C5F470DB5DB26F85E98A64 /* Pods_Example.framework */,
			);
			name = Frameworks;
			sourceTree = "<group>";
		};
		A56DA4301F70380A00D2B575 = {
			isa = PBXGroup;
			children = (
				A56DA43B1F70380A00D2B575 /* Example */,
				A5F3AD1A1F707E44008402B4 /* ViewRow */,
				10CF4AFC205C4F5800EE92D6 /* ViewRow */,
				A56DA43A1F70380A00D2B575 /* Products */,
				68D080A2D8951AD25B3D4FFA /* Pods */,
				95E676981B502491EBA4AA64 /* Frameworks */,
			);
			sourceTree = "<group>";
		};
		A56DA43A1F70380A00D2B575 /* Products */ = {
			isa = PBXGroup;
			children = (
				A56DA4391F70380A00D2B575 /* Example.app */,
			);
			name = Products;
			sourceTree = "<group>";
		};
		A56DA43B1F70380A00D2B575 /* Example */ = {
			isa = PBXGroup;
			children = (
				A56DA43C1F70380A00D2B575 /* AppDelegate.swift */,
				A56DA43E1F70380A00D2B575 /* ViewController.swift */,
				A55B940B1F86A3A40061E9FB /* CustomViewViewController.swift */,
				A56DA4501F70395D00D2B575 /* ResultView.swift */,
				A56DA4511F70395D00D2B575 /* ResultView.xib */,
				A55B940C1F86A3A40061E9FB /* ViewViewController.swift */,
				A55B940A1F86A3A30061E9FB /* ImageViewViewController.swift */,
				A55B94091F86A3A30061E9FB /* GraphViewViewController.swift */,
				A56DA4401F70380A00D2B575 /* Main.storyboard */,
				A56DA4431F70380A00D2B575 /* Assets.xcassets */,
				A56DA4451F70380A00D2B575 /* LaunchScreen.storyboard */,
				A55B94071F86A2850061E9FB /* trees.png */,
				A523878D20A4E67E00428DE7 /* flower.png */,
				A56DA4481F70380A00D2B575 /* Info.plist */,
			);
			path = Example;
			sourceTree = "<group>";
		};
		A5F3AD1A1F707E44008402B4 /* ViewRow */ = {
			isa = PBXGroup;
			children = (
				A5F3AD1B1F707E44008402B4 /* ViewRow.swift */,
			);
			path = ViewRow;
			sourceTree = "<group>";
		};
/* End PBXGroup section */

/* Begin PBXNativeTarget section */
		A56DA4381F70380A00D2B575 /* Example */ = {
			isa = PBXNativeTarget;
			buildConfigurationList = A56DA44B1F70380A00D2B575 /* Build configuration list for PBXNativeTarget "Example" */;
			buildPhases = (
				B37C8DAA12D64EBC5B0D7C6B /* [CP] Check Pods Manifest.lock */,
				A56DA4351F70380A00D2B575 /* Sources */,
				A56DA4361F70380A00D2B575 /* Frameworks */,
				A56DA4371F70380A00D2B575 /* Resources */,
				191CCB43FA827F1BAA04D1ED /* [CP] Embed Pods Frameworks */,
			);
			buildRules = (
			);
			dependencies = (
			);
			name = Example;
			productName = CustomViewRow;
			productReference = A56DA4391F70380A00D2B575 /* Example.app */;
			productType = "com.apple.product-type.application";
		};
/* End PBXNativeTarget section */

/* Begin PBXProject section */
		A56DA4311F70380A00D2B575 /* Project object */ = {
			isa = PBXProject;
			attributes = {
				LastSwiftUpdateCheck = 0830;
				LastUpgradeCheck = 0930;
				ORGANIZATIONNAME = "Late Night Software Ltd";
				TargetAttributes = {
					A56DA4381F70380A00D2B575 = {
						CreatedOnToolsVersion = 8.3.3;
						DevelopmentTeam = Z7S6X96M3X;
						ProvisioningStyle = Automatic;
					};
				};
			};
			buildConfigurationList = A56DA4341F70380A00D2B575 /* Build configuration list for PBXProject "Example" */;
			compatibilityVersion = "Xcode 3.2";
			developmentRegion = English;
			hasScannedForEncodings = 0;
			knownRegions = (
				en,
				Base,
			);
			mainGroup = A56DA4301F70380A00D2B575;
			productRefGroup = A56DA43A1F70380A00D2B575 /* Products */;
			projectDirPath = "";
			projectRoot = "";
			targets = (
				A56DA4381F70380A00D2B575 /* Example */,
			);
		};
/* End PBXProject section */

/* Begin PBXResourcesBuildPhase section */
		A56DA4371F70380A00D2B575 /* Resources */ = {
			isa = PBXResourcesBuildPhase;
			buildActionMask = 2147483647;
			files = (
				A523878E20A4E67E00428DE7 /* flower.png in Resources */,
				A56DA4471F70380A00D2B575 /* LaunchScreen.storyboard in Resources */,
				A55B94081F86A2890061E9FB /* trees.png in Resources */,
				A56DA4531F70395D00D2B575 /* ResultView.xib in Resources */,
				A56DA4441F70380A00D2B575 /* Assets.xcassets in Resources */,
				A56DA4421F70380A00D2B575 /* Main.storyboard in Resources */,
			);
			runOnlyForDeploymentPostprocessing = 0;
		};
/* End PBXResourcesBuildPhase section */

/* Begin PBXShellScriptBuildPhase section */
		191CCB43FA827F1BAA04D1ED /* [CP] Embed Pods Frameworks */ = {
			isa = PBXShellScriptBuildPhase;
			buildActionMask = 2147483647;
			files = (
			);
			inputPaths = (
				"${SRCROOT}/Pods/Target Support Files/Pods-Example/Pods-Example-frameworks.sh",
				"${BUILT_PRODUCTS_DIR}/Eureka/Eureka.framework",
				"${BUILT_PRODUCTS_DIR}/SwiftChart/SwiftChart.framework",
			);
			name = "[CP] Embed Pods Frameworks";
			outputPaths = (
				"${TARGET_BUILD_DIR}/${FRAMEWORKS_FOLDER_PATH}/Eureka.framework",
				"${TARGET_BUILD_DIR}/${FRAMEWORKS_FOLDER_PATH}/SwiftChart.framework",
			);
			runOnlyForDeploymentPostprocessing = 0;
			shellPath = /bin/sh;
			shellScript = "\"${SRCROOT}/Pods/Target Support Files/Pods-Example/Pods-Example-frameworks.sh\"\n";
			showEnvVarsInLog = 0;
		};
		B37C8DAA12D64EBC5B0D7C6B /* [CP] Check Pods Manifest.lock */ = {
			isa = PBXShellScriptBuildPhase;
			buildActionMask = 2147483647;
			files = (
			);
			inputPaths = (
				"${PODS_PODFILE_DIR_PATH}/Podfile.lock",
				"${PODS_ROOT}/Manifest.lock",
			);
			name = "[CP] Check Pods Manifest.lock";
			outputPaths = (
				"$(DERIVED_FILE_DIR)/Pods-Example-checkManifestLockResult.txt",
			);
			runOnlyForDeploymentPostprocessing = 0;
			shellPath = /bin/sh;
			shellScript = "diff \"${PODS_PODFILE_DIR_PATH}/Podfile.lock\" \"${PODS_ROOT}/Manifest.lock\" > /dev/null\nif [ $? != 0 ] ; then\n    # print error to STDERR\n    echo \"error: The sandbox is not in sync with the Podfile.lock. Run 'pod install' or update your CocoaPods installation.\" >&2\n    exit 1\nfi\n# This output is used by Xcode 'outputs' to avoid re-running this script phase.\necho \"SUCCESS\" > \"${SCRIPT_OUTPUT_FILE_0}\"\n";
			showEnvVarsInLog = 0;
		};
/* End PBXShellScriptBuildPhase section */

/* Begin PBXSourcesBuildPhase section */
		A56DA4351F70380A00D2B575 /* Sources */ = {
			isa = PBXSourcesBuildPhase;
			buildActionMask = 2147483647;
			files = (
				A56DA43F1F70380A00D2B575 /* ViewController.swift in Sources */,
				A56DA4521F70395D00D2B575 /* ResultView.swift in Sources */,
				A55B940D1F86A3A40061E9FB /* GraphViewViewController.swift in Sources */,
				A5F3AD1C1F707E44008402B4 /* ViewRow.swift in Sources */,
				A56DA43D1F70380A00D2B575 /* AppDelegate.swift in Sources */,
				A55B94101F86A3A40061E9FB /* ViewViewController.swift in Sources */,
				A55B940E1F86A3A40061E9FB /* ImageViewViewController.swift in Sources */,
				A55B940F1F86A3A40061E9FB /* CustomViewViewController.swift in Sources */,
			);
			runOnlyForDeploymentPostprocessing = 0;
		};
/* End PBXSourcesBuildPhase section */

/* Begin PBXVariantGroup section */
		A56DA4401F70380A00D2B575 /* Main.storyboard */ = {
			isa = PBXVariantGroup;
			children = (
				A56DA4411F70380A00D2B575 /* Base */,
			);
			name = Main.storyboard;
			sourceTree = "<group>";
		};
		A56DA4451F70380A00D2B575 /* LaunchScreen.storyboard */ = {
			isa = PBXVariantGroup;
			children = (
				A56DA4461F70380A00D2B575 /* Base */,
			);
			name = LaunchScreen.storyboard;
			sourceTree = "<group>";
		};
/* End PBXVariantGroup section */

/* Begin XCBuildConfiguration section */
		A56DA4491F70380A00D2B575 /* Debug */ = {
			isa = XCBuildConfiguration;
			buildSettings = {
				ALWAYS_SEARCH_USER_PATHS = NO;
				CLANG_ANALYZER_NONNULL = YES;
				CLANG_ANALYZER_NUMBER_OBJECT_CONVERSION = YES_AGGRESSIVE;
				CLANG_CXX_LANGUAGE_STANDARD = "gnu++0x";
				CLANG_CXX_LIBRARY = "libc++";
				CLANG_ENABLE_MODULES = YES;
				CLANG_ENABLE_OBJC_ARC = YES;
				CLANG_WARN_BLOCK_CAPTURE_AUTORELEASING = YES;
				CLANG_WARN_BOOL_CONVERSION = YES;
				CLANG_WARN_COMMA = YES;
				CLANG_WARN_CONSTANT_CONVERSION = YES;
				CLANG_WARN_DEPRECATED_OBJC_IMPLEMENTATIONS = YES;
				CLANG_WARN_DIRECT_OBJC_ISA_USAGE = YES_ERROR;
				CLANG_WARN_DOCUMENTATION_COMMENTS = YES;
				CLANG_WARN_EMPTY_BODY = YES;
				CLANG_WARN_ENUM_CONVERSION = YES;
				CLANG_WARN_INFINITE_RECURSION = YES;
				CLANG_WARN_INT_CONVERSION = YES;
				CLANG_WARN_NON_LITERAL_NULL_CONVERSION = YES;
				CLANG_WARN_OBJC_IMPLICIT_RETAIN_SELF = YES;
				CLANG_WARN_OBJC_LITERAL_CONVERSION = YES;
				CLANG_WARN_OBJC_ROOT_CLASS = YES_ERROR;
				CLANG_WARN_RANGE_LOOP_ANALYSIS = YES;
				CLANG_WARN_STRICT_PROTOTYPES = YES;
				CLANG_WARN_SUSPICIOUS_MOVE = YES;
				CLANG_WARN_UNREACHABLE_CODE = YES;
				CLANG_WARN__DUPLICATE_METHOD_MATCH = YES;
				"CODE_SIGN_IDENTITY[sdk=iphoneos*]" = "iPhone Developer";
				COPY_PHASE_STRIP = NO;
				DEBUG_INFORMATION_FORMAT = dwarf;
				ENABLE_STRICT_OBJC_MSGSEND = YES;
				ENABLE_TESTABILITY = YES;
				GCC_C_LANGUAGE_STANDARD = gnu99;
				GCC_DYNAMIC_NO_PIC = NO;
				GCC_NO_COMMON_BLOCKS = YES;
				GCC_OPTIMIZATION_LEVEL = 0;
				GCC_PREPROCESSOR_DEFINITIONS = (
					"DEBUG=1",
					"$(inherited)",
				);
				GCC_WARN_64_TO_32_BIT_CONVERSION = YES;
				GCC_WARN_ABOUT_RETURN_TYPE = YES_ERROR;
				GCC_WARN_UNDECLARED_SELECTOR = YES;
				GCC_WARN_UNINITIALIZED_AUTOS = YES_AGGRESSIVE;
				GCC_WARN_UNUSED_FUNCTION = YES;
				GCC_WARN_UNUSED_VARIABLE = YES;
				IPHONEOS_DEPLOYMENT_TARGET = 10.0;
				MTL_ENABLE_DEBUG_INFO = YES;
				ONLY_ACTIVE_ARCH = YES;
				SDKROOT = iphoneos;
				SWIFT_ACTIVE_COMPILATION_CONDITIONS = DEBUG;
				SWIFT_OPTIMIZATION_LEVEL = "-Onone";
				TARGETED_DEVICE_FAMILY = "1,2";
			};
			name = Debug;
		};
		A56DA44A1F70380A00D2B575 /* Release */ = {
			isa = XCBuildConfiguration;
			buildSettings = {
				ALWAYS_SEARCH_USER_PATHS = NO;
				CLANG_ANALYZER_NONNULL = YES;
				CLANG_ANALYZER_NUMBER_OBJECT_CONVERSION = YES_AGGRESSIVE;
				CLANG_CXX_LANGUAGE_STANDARD = "gnu++0x";
				CLANG_CXX_LIBRARY = "libc++";
				CLANG_ENABLE_MODULES = YES;
				CLANG_ENABLE_OBJC_ARC = YES;
				CLANG_WARN_BLOCK_CAPTURE_AUTORELEASING = YES;
				CLANG_WARN_BOOL_CONVERSION = YES;
				CLANG_WARN_COMMA = YES;
				CLANG_WARN_CONSTANT_CONVERSION = YES;
				CLANG_WARN_DEPRECATED_OBJC_IMPLEMENTATIONS = YES;
				CLANG_WARN_DIRECT_OBJC_ISA_USAGE = YES_ERROR;
				CLANG_WARN_DOCUMENTATION_COMMENTS = YES;
				CLANG_WARN_EMPTY_BODY = YES;
				CLANG_WARN_ENUM_CONVERSION = YES;
				CLANG_WARN_INFINITE_RECURSION = YES;
				CLANG_WARN_INT_CONVERSION = YES;
				CLANG_WARN_NON_LITERAL_NULL_CONVERSION = YES;
				CLANG_WARN_OBJC_IMPLICIT_RETAIN_SELF = YES;
				CLANG_WARN_OBJC_LITERAL_CONVERSION = YES;
				CLANG_WARN_OBJC_ROOT_CLASS = YES_ERROR;
				CLANG_WARN_RANGE_LOOP_ANALYSIS = YES;
				CLANG_WARN_STRICT_PROTOTYPES = YES;
				CLANG_WARN_SUSPICIOUS_MOVE = YES;
				CLANG_WARN_UNREACHABLE_CODE = YES;
				CLANG_WARN__DUPLICATE_METHOD_MATCH = YES;
				"CODE_SIGN_IDENTITY[sdk=iphoneos*]" = "iPhone Developer";
				COPY_PHASE_STRIP = NO;
				DEBUG_INFORMATION_FORMAT = "dwarf-with-dsym";
				ENABLE_NS_ASSERTIONS = NO;
				ENABLE_STRICT_OBJC_MSGSEND = YES;
				GCC_C_LANGUAGE_STANDARD = gnu99;
				GCC_NO_COMMON_BLOCKS = YES;
				GCC_WARN_64_TO_32_BIT_CONVERSION = YES;
				GCC_WARN_ABOUT_RETURN_TYPE = YES_ERROR;
				GCC_WARN_UNDECLARED_SELECTOR = YES;
				GCC_WARN_UNINITIALIZED_AUTOS = YES_AGGRESSIVE;
				GCC_WARN_UNUSED_FUNCTION = YES;
				GCC_WARN_UNUSED_VARIABLE = YES;
				IPHONEOS_DEPLOYMENT_TARGET = 10.0;
				MTL_ENABLE_DEBUG_INFO = NO;
				SDKROOT = iphoneos;
				SWIFT_OPTIMIZATION_LEVEL = "-Owholemodule";
				TARGETED_DEVICE_FAMILY = "1,2";
				VALIDATE_PRODUCT = YES;
			};
			name = Release;
		};
		A56DA44C1F70380A00D2B575 /* Debug */ = {
			isa = XCBuildConfiguration;
			baseConfigurationReference = 531DD29652A125059B1FA9B1 /* Pods-Example.debug.xcconfig */;
			buildSettings = {
				ASSETCATALOG_COMPILER_APPICON_NAME = AppIcon;
				DEVELOPMENT_TEAM = Z7S6X96M3X;
				INFOPLIST_FILE = Example/Info.plist;
				LD_RUNPATH_SEARCH_PATHS = "$(inherited) @executable_path/Frameworks";
				PRODUCT_BUNDLE_IDENTIFIER = com.latenightsw.CustomViewRow;
				PRODUCT_NAME = "$(TARGET_NAME)";
				SWIFT_VERSION = 4.2;
			};
			name = Debug;
		};
		A56DA44D1F70380A00D2B575 /* Release */ = {
			isa = XCBuildConfiguration;
			baseConfigurationReference = D2B08C0FC2C07BCFEF392D40 /* Pods-Example.release.xcconfig */;
			buildSettings = {
				ASSETCATALOG_COMPILER_APPICON_NAME = AppIcon;
				DEVELOPMENT_TEAM = Z7S6X96M3X;
				INFOPLIST_FILE = Example/Info.plist;
				LD_RUNPATH_SEARCH_PATHS = "$(inherited) @executable_path/Frameworks";
				PRODUCT_BUNDLE_IDENTIFIER = com.latenightsw.CustomViewRow;
				PRODUCT_NAME = "$(TARGET_NAME)";
				SWIFT_VERSION = 4.2;
			};
			name = Release;
		};
/* End XCBuildConfiguration section */

/* Begin XCConfigurationList section */
		A56DA4341F70380A00D2B575 /* Build configuration list for PBXProject "Example" */ = {
			isa = XCConfigurationList;
			buildConfigurations = (
				A56DA4491F70380A00D2B575 /* Debug */,
				A56DA44A1F70380A00D2B575 /* Release */,
			);
			defaultConfigurationIsVisible = 0;
			defaultConfigurationName = Release;
		};
		A56DA44B1F70380A00D2B575 /* Build configuration list for PBXNativeTarget "Example" */ = {
			isa = XCConfigurationList;
			buildConfigurations = (
				A56DA44C1F70380A00D2B575 /* Debug */,
				A56DA44D1F70380A00D2B575 /* Release */,
			);
			defaultConfigurationIsVisible = 0;
			defaultConfigurationName = Release;
		};
/* End XCConfigurationList section */
	};
	rootObject = A56DA4311F70380A00D2B575 /* Project object */;
}
